---
lockVersion: 0.1.0
dependencies:
  codeql/dataflow:
    version: 2.0.6
  codeql/go-all:
    version: 4.2.4
  codeql/mad:
    version: 1.0.22
  codeql/ssa:
    version: 1.1.1
  codeql/threat-models:
    version: 1.0.22
  codeql/tutorial:
    version: 1.0.22
  codeql/typetracking:
    version: 2.0.6
  codeql/util:
    version: 2.0.9
compiled: false
